
Microsoft Visual Studio Solution File, Format Version 12.00
# Visual Studio 15
VisualStudioVersion = 15.0.28010.2016
MinimumVisualStudioVersion = 10.0.40219.1
Project("{FAE04EC0-301F-11D3-BF4B-00C04F79EFBC}") = "SoccerPlan.Domain", "SoccerPlan.Domain\SoccerPlan.Domain.csproj", "{A997293D-F7E5-4BA4-8C46-B575E263315D}"
EndProject
Project("{FAE04EC0-301F-11D3-BF4B-00C04F79EFBC}") = "SoccerPlan.Domain.Tests", "SoccerPlan.Domain.Tests\SoccerPlan.Domain.Tests.csproj", "{A7ECA0C0-BC77-4893-9453-496C0A6A7E0D}"
EndProject
Global
	GlobalSection(SolutionConfigurationPlatforms) = preSolution
		Debug|Any CPU = Debug|Any CPU
		Release|Any CPU = Release|Any CPU
	EndGlobalSection
	GlobalSection(ProjectConfigurationPlatforms) = postSolution
		{A997293D-F7E5-4BA4-8C46-B575E263315D}.Debug|Any CPU.ActiveCfg = Debug|Any CPU
		{A997293D-F7E5-4BA4-8C46-B575E263315D}.Debug|Any CPU.Build.0 = Debug|Any CPU
		{A997293D-F7E5-4BA4-8C46-B575E263315D}.Release|Any CPU.ActiveCfg = Release|Any CPU
		{A997293D-F7E5-4BA4-8C46-B575E263315D}.Release|Any CPU.Build.0 = Release|Any CPU
		{A7ECA0C0-BC77-4893-9453-496C0A6A7E0D}.Debug|Any CPU.ActiveCfg = Debug|Any CPU
		{A7ECA0C0-BC77-4893-9453-496C0A6A7E0D}.Debug|Any CPU.Build.0 = Debug|Any CPU
		{A7ECA0C0-BC77-4893-9453-496C0A6A7E0D}.Release|Any CPU.ActiveCfg = Release|Any CPU
		{A7ECA0C0-BC77-4893-9453-496C0A6A7E0D}.Release|Any CPU.Build.0 = Release|Any CPU
	EndGlobalSection
	GlobalSection(SolutionProperties) = preSolution
		HideSolutionNode = FALSE
	EndGlobalSection
	GlobalSection(ExtensibilityGlobals) = postSolution
		SolutionGuid = {D7E3D105-0E31-41D0-BCC8-0109F34B1A12}
	EndGlobalSection
EndGlobal
